<?xml version="1.0" encoding="utf-8"?>
<Project ToolsVersion="4.0" xmlns="http://schemas.microsoft.com/developer/msbuild/2003">
  <ItemGroup>
    <Filter Include="Source">
      <UniqueIdentifier>{337f1176-e9b0-47c2-8bbc-960d06f74929}</UniqueIdentifier>
    </Filter>
  </ItemGroup>
  <ItemGroup>
    <ClCompile Include="src\sqs.c">
      <Filter>Source</Filter>
    </ClCompile>
    <ClCompile Include="src\sqs_main.c">
      <Filter>Source</Filter>
    </ClCompile>
  </ItemGroup>
  <ItemGroup>
    <ClInclude Include="src\sqs.h">
      <Filter>Source</Filter>
    </ClInclude>
  </ItemGroup>
</Project>