<?xml version="1.0" encoding="utf-8"?>
<Project ToolsVersion="4.0" xmlns="http://schemas.microsoft.com/developer/msbuild/2003">
  <ItemGroup>
    <Filter Include="Source">
      <UniqueIdentifier>{337f1176-e9b0-47c2-8bbc-960d06f74929}</UniqueIdentifier>
    </Filter>
    <Filter Include="Source\Equation solver">
      <UniqueIdentifier>{a293e850-83c4-4d8d-9556-4c67d42abf50}</UniqueIdentifier>
    </Filter>
    <Filter Include="Source\Command line interface utils">
      <UniqueIdentifier>{2615f10a-638c-4430-a62e-e2d786d9e4a2}</UniqueIdentifier>
    </Filter>
  </ItemGroup>
  <ItemGroup>
    <ClCompile Include="src\main.c">
      <Filter>Source</Filter>
    </ClCompile>
    <ClCompile Include="src\sqs\__sqs_unit_test.c">
      <Filter>Source\Equation solver</Filter>
    </ClCompile>
    <ClCompile Include="src\sqs\sqs.c">
      <Filter>Source\Equation solver</Filter>
    </ClCompile>
    <ClCompile Include="src\cli\cli_parameter_iterator.c">
      <Filter>Source\Command line interface utils</Filter>
    </ClCompile>
    <ClCompile Include="src\cli\cli.c">
      <Filter>Source\Command line interface utils</Filter>
    </ClCompile>
  </ItemGroup>
  <ItemGroup>
    <ClInclude Include="src\sqs\__sqs_unit_test.h">
      <Filter>Source\Equation solver</Filter>
    </ClInclude>
    <ClInclude Include="src\sqs\sqs.h">
      <Filter>Source\Equation solver</Filter>
    </ClInclude>
    <ClInclude Include="src\sqs\sqs_common.h">
      <Filter>Source\Equation solver</Filter>
    </ClInclude>
    <ClInclude Include="src\sqs\sqs_solver.h">
      <Filter>Source\Equation solver</Filter>
    </ClInclude>
    <ClInclude Include="src\cli\cli.h">
      <Filter>Source\Command line interface utils</Filter>
    </ClInclude>
  </ItemGroup>
</Project>